
Microsoft Visual Studio Solution File, Format Version 12.00
# Visual Studio Version 16
VisualStudioVersion = 16.0.30413.136
MinimumVisualStudioVersion = 10.0.40219.1
Project("{FAE04EC0-301F-11D3-BF4B-00C04F79EFBC}") = "WhiteAndArray", "WhiteAndArray\WhiteAndArray.csproj", "{59D91D73-796D-4EF8-AA69-63E008A8F2A1}"
EndProject
Project("{FAE04EC0-301F-11D3-BF4B-00C04F79EFBC}") = "GuessMyColor", "GuessMyColor\GuessMyColor.csproj", "{9AFE9FA7-BF60-4C02-9A2A-068C0A11E6B9}"
EndProject
Project("{FAE04EC0-301F-11D3-BF4B-00C04F79EFBC}") = "Array", "Array\Array.csproj", "{3A50395B-0308-4F33-BDE9-EF0651414491}"
EndProject
Global
	GlobalSection(SolutionConfigurationPlatforms) = preSolution
		Debug|Any CPU = Debug|Any CPU
		Release|Any CPU = Release|Any CPU
	EndGlobalSection
	GlobalSection(ProjectConfigurationPlatforms) = postSolution
		{59D91D73-796D-4EF8-AA69-63E008A8F2A1}.Debug|Any CPU.ActiveCfg = Debug|Any CPU
		{59D91D73-796D-4EF8-AA69-63E008A8F2A1}.Debug|Any CPU.Build.0 = Debug|Any CPU
		{59D91D73-796D-4EF8-AA69-63E008A8F2A1}.Release|Any CPU.ActiveCfg = Release|Any CPU
		{59D91D73-796D-4EF8-AA69-63E008A8F2A1}.Release|Any CPU.Build.0 = Release|Any CPU
		{9AFE9FA7-BF60-4C02-9A2A-068C0A11E6B9}.Debug|Any CPU.ActiveCfg = Debug|Any CPU
		{9AFE9FA7-BF60-4C02-9A2A-068C0A11E6B9}.Debug|Any CPU.Build.0 = Debug|Any CPU
		{9AFE9FA7-BF60-4C02-9A2A-068C0A11E6B9}.Release|Any CPU.ActiveCfg = Release|Any CPU
		{9AFE9FA7-BF60-4C02-9A2A-068C0A11E6B9}.Release|Any CPU.Build.0 = Release|Any CPU
		{3A50395B-0308-4F33-BDE9-EF0651414491}.Debug|Any CPU.ActiveCfg = Debug|Any CPU
		{3A50395B-0308-4F33-BDE9-EF0651414491}.Debug|Any CPU.Build.0 = Debug|Any CPU
		{3A50395B-0308-4F33-BDE9-EF0651414491}.Release|Any CPU.ActiveCfg = Release|Any CPU
		{3A50395B-0308-4F33-BDE9-EF0651414491}.Release|Any CPU.Build.0 = Release|Any CPU
	EndGlobalSection
	GlobalSection(SolutionProperties) = preSolution
		HideSolutionNode = FALSE
	EndGlobalSection
	GlobalSection(ExtensibilityGlobals) = postSolution
		SolutionGuid = {22A3DAF8-30BD-4FD1-AEF2-117BAD8327F2}
	EndGlobalSection
EndGlobal
